
Microsoft Visual Studio Solution File, Format Version 11.00
# Visual Studio 2010
Project("{FAE04EC0-301F-11D3-BF4B-00C04F79EFBC}") = "Community.CsharpSqlite.WindowsPhone7", "Community.CsharpSqlite.WindowsPhone7.csproj", "{D677FBFD-23C4-43BD-977A-0444AF237B5F}"
EndProject
Global
	GlobalSection(SolutionConfigurationPlatforms) = preSolution
		Debug|Any CPU = Debug|Any CPU
		Release|Any CPU = Release|Any CPU
	EndGlobalSection
	GlobalSection(ProjectConfigurationPlatforms) = postSolution
		{D677FBFD-23C4-43BD-977A-0444AF237B5F}.Debug|Any CPU.ActiveCfg = Debug|Any CPU
		{D677FBFD-23C4-43BD-977A-0444AF237B5F}.Debug|Any CPU.Build.0 = Debug|Any CPU
		{D677FBFD-23C4-43BD-977A-0444AF237B5F}.Release|Any CPU.ActiveCfg = Release|Any CPU
		{D677FBFD-23C4-43BD-977A-0444AF237B5F}.Release|Any CPU.Build.0 = Release|Any CPU
	EndGlobalSection
	GlobalSection(SolutionProperties) = preSolution
		HideSolutionNode = FALSE
	EndGlobalSection
EndGlobal
